# This file is autogenerated, do not edit; changes may be undone by the next 'dep ensure'.


[[projects]]
  digest = "1:4778eaacf32bdebfbad735ac6a98b502013ee2392bec71f93b8800e27276d165"
  name = "github.com/go-logr/glogr"
  packages = ["."]
  pruneopts = "UT"
  revision = "03aa3c3200582c33f271f63ba3ae7d23abb9e699"
  version = "v0.1.0"

[[projects]]
  digest = "1:edd2fa4578eb086265db78a9201d15e76b298dfd0d5c379da83e9c61712cf6df"
  name = "github.com/go-logr/logr"
  packages = ["."]
  pruneopts = "UT"
  revision = "9fb12b3b21c5415d16ac18dc5cd42c1cfdd40c4e"
  version = "v0.1.0"

[[projects]]
  branch = "master"
  digest = "1:1ba1d79f2810270045c328ae5d674321db34e3aae468eb4233883b473c5c0467"
  name = "github.com/golang/glog"
  packages = ["."]
  pruneopts = "UT"
  revision = "23def4e6c14b4da8ac2ed8007337bc5eb5007998"

[[projects]]
  branch = "master"
  digest = "1:1aae58d97a66dfc9cca57880841c2b274a570abf627b846e0b36c48d542e876c"
  name = "golang.org/x/tools"
  packages = ["go/ast/astutil"]
  pruneopts = "UT"
  revision = "c446015edc5ef4919a8da23e83ceb4c24a153c2e"

[[projects]]
  digest = "1:93153ae93df78ae288f0b601122f2a784df3187c9b3fae45c5960a36b52aa771"
  name = "k8s.io/klog"
  packages = [
    ".",
    "glog",
  ]
  pruneopts = "UT"
  revision = "a5bc97fbc634d635061f3146511332c7e313a55a"
  version = "v0.1.0"

[solve-meta]
  analyzer-name = "dep"
  analyzer-version = 1
  input-imports = [
    "github.com/go-logr/glogr",
    "github.com/go-logr/logr",
    "golang.org/x/tools/go/ast/astutil",
    "k8s.io/klog/glog",
  ]
  solver-name = "gps-cdcl"
  solver-version = 1
